
Microsoft Visual Studio Solution File, Format Version 12.00
# Visual Studio 15
VisualStudioVersion = 15.0.26730.3
MinimumVisualStudioVersion = 10.0.40219.1
Project("{FAE04EC0-301F-11D3-BF4B-00C04F79EFBC}") = "BasicSampleBot.UI", "src\BasicSampleBot.UI\BasicSampleBot.UI.csproj", "{D839559B-440C-4775-93E4-678AAE1AEA86}"
EndProject
Project("{2150E333-8FDC-42A3-9474-1A3956D46DE8}") = "src", "src", "{A620AF2D-5FE4-49C1-A614-90C89A5EC0F8}"
EndProject
Project("{FAE04EC0-301F-11D3-BF4B-00C04F79EFBC}") = "BasicSampleBot.SQLCore", "src\BasicSampleBot.SQLCore\BasicSampleBot.SQLCore.csproj", "{534D06EB-5003-46F3-9AB5-424D7136062D}"
EndProject
Project("{FAE04EC0-301F-11D3-BF4B-00C04F79EFBC}") = "BasicSampleBot.DocumentDBCore", "src\BasicSampleBot.DocumentDBCore\BasicSampleBot.DocumentDBCore.csproj", "{8551F7ED-2A44-44FE-8560-8394358BAE83}"
EndProject
Project("{2150E333-8FDC-42A3-9474-1A3956D46DE8}") = "tests", "tests", "{5E300750-56F8-485D-AEB4-142823968EC6}"
EndProject
Project("{FAE04EC0-301F-11D3-BF4B-00C04F79EFBC}") = "DocumentDBCoreTests", "tests\DocumentDBCoreTests\DocumentDBCoreTests.csproj", "{284D9A78-C573-4FC7-8724-C607822687D6}"
EndProject
Project("{FAE04EC0-301F-11D3-BF4B-00C04F79EFBC}") = "BasicSampleBot.SearchApi", "src\BasicSampleBot.SearchApi\BasicSampleBot.SearchApi.csproj", "{681C908B-D504-4EA8-B2D2-25D65DCA9DF8}"
EndProject
Project("{FAE04EC0-301F-11D3-BF4B-00C04F79EFBC}") = "SearchAPITests", "tests\SearchAPITests\SearchAPITests.csproj", "{F093F845-F1F1-4ED5-B2DB-D5119989943E}"
EndProject
Project("{FAE04EC0-301F-11D3-BF4B-00C04F79EFBC}") = "BasicSampleBot.Core", "src\BasicSampleBot.Core\BasicSampleBot.Core.csproj", "{ECD70411-8F4A-4266-8AEB-183E26D8482F}"
EndProject
Global
	GlobalSection(SolutionConfigurationPlatforms) = preSolution
		Debug|Any CPU = Debug|Any CPU
		Debug|x86 = Debug|x86
		Release|Any CPU = Release|Any CPU
		Release|x86 = Release|x86
	EndGlobalSection
	GlobalSection(ProjectConfigurationPlatforms) = postSolution
		{D839559B-440C-4775-93E4-678AAE1AEA86}.Debug|Any CPU.ActiveCfg = Debug|Any CPU
		{D839559B-440C-4775-93E4-678AAE1AEA86}.Debug|Any CPU.Build.0 = Debug|Any CPU
		{D839559B-440C-4775-93E4-678AAE1AEA86}.Debug|x86.ActiveCfg = Debug|Any CPU
		{D839559B-440C-4775-93E4-678AAE1AEA86}.Debug|x86.Build.0 = Debug|Any CPU
		{D839559B-440C-4775-93E4-678AAE1AEA86}.Release|Any CPU.ActiveCfg = Release|Any CPU
		{D839559B-440C-4775-93E4-678AAE1AEA86}.Release|Any CPU.Build.0 = Release|Any CPU
		{D839559B-440C-4775-93E4-678AAE1AEA86}.Release|x86.ActiveCfg = Release|Any CPU
		{D839559B-440C-4775-93E4-678AAE1AEA86}.Release|x86.Build.0 = Release|Any CPU
		{534D06EB-5003-46F3-9AB5-424D7136062D}.Debug|Any CPU.ActiveCfg = Debug|Any CPU
		{534D06EB-5003-46F3-9AB5-424D7136062D}.Debug|Any CPU.Build.0 = Debug|Any CPU
		{534D06EB-5003-46F3-9AB5-424D7136062D}.Debug|x86.ActiveCfg = Debug|Any CPU
		{534D06EB-5003-46F3-9AB5-424D7136062D}.Debug|x86.Build.0 = Debug|Any CPU
		{534D06EB-5003-46F3-9AB5-424D7136062D}.Release|Any CPU.ActiveCfg = Release|Any CPU
		{534D06EB-5003-46F3-9AB5-424D7136062D}.Release|Any CPU.Build.0 = Release|Any CPU
		{534D06EB-5003-46F3-9AB5-424D7136062D}.Release|x86.ActiveCfg = Release|Any CPU
		{534D06EB-5003-46F3-9AB5-424D7136062D}.Release|x86.Build.0 = Release|Any CPU
		{8551F7ED-2A44-44FE-8560-8394358BAE83}.Debug|Any CPU.ActiveCfg = Debug|Any CPU
		{8551F7ED-2A44-44FE-8560-8394358BAE83}.Debug|Any CPU.Build.0 = Debug|Any CPU
		{8551F7ED-2A44-44FE-8560-8394358BAE83}.Debug|x86.ActiveCfg = Debug|Any CPU
		{8551F7ED-2A44-44FE-8560-8394358BAE83}.Debug|x86.Build.0 = Debug|Any CPU
		{8551F7ED-2A44-44FE-8560-8394358BAE83}.Release|Any CPU.ActiveCfg = Release|Any CPU
		{8551F7ED-2A44-44FE-8560-8394358BAE83}.Release|Any CPU.Build.0 = Release|Any CPU
		{8551F7ED-2A44-44FE-8560-8394358BAE83}.Release|x86.ActiveCfg = Release|Any CPU
		{8551F7ED-2A44-44FE-8560-8394358BAE83}.Release|x86.Build.0 = Release|Any CPU
		{284D9A78-C573-4FC7-8724-C607822687D6}.Debug|Any CPU.ActiveCfg = Debug|Any CPU
		{284D9A78-C573-4FC7-8724-C607822687D6}.Debug|Any CPU.Build.0 = Debug|Any CPU
		{284D9A78-C573-4FC7-8724-C607822687D6}.Debug|x86.ActiveCfg = Debug|Any CPU
		{284D9A78-C573-4FC7-8724-C607822687D6}.Debug|x86.Build.0 = Debug|Any CPU
		{284D9A78-C573-4FC7-8724-C607822687D6}.Release|Any CPU.ActiveCfg = Release|Any CPU
		{284D9A78-C573-4FC7-8724-C607822687D6}.Release|Any CPU.Build.0 = Release|Any CPU
		{284D9A78-C573-4FC7-8724-C607822687D6}.Release|x86.ActiveCfg = Release|Any CPU
		{284D9A78-C573-4FC7-8724-C607822687D6}.Release|x86.Build.0 = Release|Any CPU
		{681C908B-D504-4EA8-B2D2-25D65DCA9DF8}.Debug|Any CPU.ActiveCfg = Debug|Any CPU
		{681C908B-D504-4EA8-B2D2-25D65DCA9DF8}.Debug|Any CPU.Build.0 = Debug|Any CPU
		{681C908B-D504-4EA8-B2D2-25D65DCA9DF8}.Debug|x86.ActiveCfg = Debug|Any CPU
		{681C908B-D504-4EA8-B2D2-25D65DCA9DF8}.Debug|x86.Build.0 = Debug|Any CPU
		{681C908B-D504-4EA8-B2D2-25D65DCA9DF8}.Release|Any CPU.ActiveCfg = Release|Any CPU
		{681C908B-D504-4EA8-B2D2-25D65DCA9DF8}.Release|Any CPU.Build.0 = Release|Any CPU
		{681C908B-D504-4EA8-B2D2-25D65DCA9DF8}.Release|x86.ActiveCfg = Release|Any CPU
		{681C908B-D504-4EA8-B2D2-25D65DCA9DF8}.Release|x86.Build.0 = Release|Any CPU
		{F093F845-F1F1-4ED5-B2DB-D5119989943E}.Debug|Any CPU.ActiveCfg = Debug|Any CPU
		{F093F845-F1F1-4ED5-B2DB-D5119989943E}.Debug|Any CPU.Build.0 = Debug|Any CPU
		{F093F845-F1F1-4ED5-B2DB-D5119989943E}.Debug|x86.ActiveCfg = Debug|Any CPU
		{F093F845-F1F1-4ED5-B2DB-D5119989943E}.Debug|x86.Build.0 = Debug|Any CPU
		{F093F845-F1F1-4ED5-B2DB-D5119989943E}.Release|Any CPU.ActiveCfg = Release|Any CPU
		{F093F845-F1F1-4ED5-B2DB-D5119989943E}.Release|Any CPU.Build.0 = Release|Any CPU
		{F093F845-F1F1-4ED5-B2DB-D5119989943E}.Release|x86.ActiveCfg = Release|Any CPU
		{F093F845-F1F1-4ED5-B2DB-D5119989943E}.Release|x86.Build.0 = Release|Any CPU
		{ECD70411-8F4A-4266-8AEB-183E26D8482F}.Debug|Any CPU.ActiveCfg = Debug|Any CPU
		{ECD70411-8F4A-4266-8AEB-183E26D8482F}.Debug|Any CPU.Build.0 = Debug|Any CPU
		{ECD70411-8F4A-4266-8AEB-183E26D8482F}.Debug|x86.ActiveCfg = Debug|Any CPU
		{ECD70411-8F4A-4266-8AEB-183E26D8482F}.Debug|x86.Build.0 = Debug|Any CPU
		{ECD70411-8F4A-4266-8AEB-183E26D8482F}.Release|Any CPU.ActiveCfg = Release|Any CPU
		{ECD70411-8F4A-4266-8AEB-183E26D8482F}.Release|Any CPU.Build.0 = Release|Any CPU
		{ECD70411-8F4A-4266-8AEB-183E26D8482F}.Release|x86.ActiveCfg = Release|Any CPU
		{ECD70411-8F4A-4266-8AEB-183E26D8482F}.Release|x86.Build.0 = Release|Any CPU
	EndGlobalSection
	GlobalSection(SolutionProperties) = preSolution
		HideSolutionNode = FALSE
	EndGlobalSection
	GlobalSection(NestedProjects) = preSolution
		{D839559B-440C-4775-93E4-678AAE1AEA86} = {A620AF2D-5FE4-49C1-A614-90C89A5EC0F8}
		{534D06EB-5003-46F3-9AB5-424D7136062D} = {A620AF2D-5FE4-49C1-A614-90C89A5EC0F8}
		{8551F7ED-2A44-44FE-8560-8394358BAE83} = {A620AF2D-5FE4-49C1-A614-90C89A5EC0F8}
		{284D9A78-C573-4FC7-8724-C607822687D6} = {5E300750-56F8-485D-AEB4-142823968EC6}
		{681C908B-D504-4EA8-B2D2-25D65DCA9DF8} = {A620AF2D-5FE4-49C1-A614-90C89A5EC0F8}
		{F093F845-F1F1-4ED5-B2DB-D5119989943E} = {5E300750-56F8-485D-AEB4-142823968EC6}
		{ECD70411-8F4A-4266-8AEB-183E26D8482F} = {A620AF2D-5FE4-49C1-A614-90C89A5EC0F8}
	EndGlobalSection
	GlobalSection(ExtensibilityGlobals) = postSolution
		SolutionGuid = {8704B1ED-1429-49EB-A3E2-3654B7FFCD8D}
	EndGlobalSection
EndGlobal
